{
  "version": 4,
  "terraform_version": "1.8.0",
  "serial": 49,
  "lineage": "c05376dc-cc8d-ba5c-4f02-c6b03f08840c",
  "outputs": {},
  "resources": [
    {
      "mode": "managed",
      "type": "azurerm_lb",
      "name": "load_balancer",
      "provider": "provider[\"registry.terraform.io/hashicorp/azurerm\"]",
      "instances": [
        {
          "schema_version": 0,
          "attributes": {
            "edge_zone": "",
            "frontend_ip_configuration": [
              {
                "gateway_load_balancer_frontend_ip_configuration_id": "",
                "id": "/subscriptions/70fa5c59-1d9a-4a72-8196-8e6d5c776762/resourceGroups/linux-grp/providers/Microsoft.Network/loadBalancers/load-balancer/frontendIPConfigurations/frontend-ip",
                "inbound_nat_rules": [],
                "load_balancer_rules": [
                  "/subscriptions/70fa5c59-1d9a-4a72-8196-8e6d5c776762/resourceGroups/linux-grp/providers/Microsoft.Network/loadBalancers/load-balancer/loadBalancingRules/RuleA"
                ],
                "name": "frontend-ip",
                "outbound_rules": [],
                "private_ip_address": "",
                "private_ip_address_allocation": "Dynamic",
                "private_ip_address_version": "",
                "public_ip_address_id": "/subscriptions/70fa5c59-1d9a-4a72-8196-8e6d5c776762/resourceGroups/linux-grp/providers/Microsoft.Network/publicIPAddresses/load-public-ip",
                "public_ip_prefix_id": "",
                "subnet_id": "",
                "zones": []
              }
            ],
            "id": "/subscriptions/70fa5c59-1d9a-4a72-8196-8e6d5c776762/resourceGroups/linux-grp/providers/Microsoft.Network/loadBalancers/load-balancer",
            "location": "southindia",
            "name": "load-balancer",
            "private_ip_address": "",
            "private_ip_addresses": [],
            "resource_group_name": "linux-grp",
            "sku": "Standard",
            "sku_tier": "Regional",
            "tags": {},
            "timeouts": null
          },
          "sensitive_attributes": [],
          "private": "eyJlMmJmYjczMC1lY2FhLTExZTYtOGY4OC0zNDM2M2JjN2M0YzAiOnsiY3JlYXRlIjoxODAwMDAwMDAwMDAwLCJkZWxldGUiOjE4MDAwMDAwMDAwMDAsInJlYWQiOjMwMDAwMDAwMDAwMCwidXBkYXRlIjoxODAwMDAwMDAwMDAwfX0=",
          "dependencies": [
            "azurerm_public_ip.load_pub_id"
          ]
        }
      ]
    },
    {
      "mode": "managed",
      "type": "azurerm_lb_backend_address_pool",
      "name": "PoolA",
      "provider": "provider[\"registry.terraform.io/hashicorp/azurerm\"]",
      "instances": [
        {
          "schema_version": 0,
          "attributes": {
            "backend_ip_configurations": [],
            "id": "/subscriptions/70fa5c59-1d9a-4a72-8196-8e6d5c776762/resourceGroups/linux-grp/providers/Microsoft.Network/loadBalancers/load-balancer/backendAddressPools/PoolA",
            "inbound_nat_rules": [],
            "load_balancing_rules": [
              "/subscriptions/70fa5c59-1d9a-4a72-8196-8e6d5c776762/resourceGroups/linux-grp/providers/Microsoft.Network/loadBalancers/load-balancer/loadBalancingRules/RuleA"
            ],
            "loadbalancer_id": "/subscriptions/70fa5c59-1d9a-4a72-8196-8e6d5c776762/resourceGroups/linux-grp/providers/Microsoft.Network/loadBalancers/load-balancer",
            "name": "PoolA",
            "outbound_rules": [],
            "timeouts": null,
            "tunnel_interface": [],
            "virtual_network_id": ""
          },
          "sensitive_attributes": [],
          "private": "eyJlMmJmYjczMC1lY2FhLTExZTYtOGY4OC0zNDM2M2JjN2M0YzAiOnsiY3JlYXRlIjoxODAwMDAwMDAwMDAwLCJkZWxldGUiOjE4MDAwMDAwMDAwMDAsInJlYWQiOjMwMDAwMDAwMDAwMCwidXBkYXRlIjoxODAwMDAwMDAwMDAwfX0=",
          "dependencies": [
            "azurerm_lb.load_balancer",
            "azurerm_public_ip.load_pub_id"
          ]
        }
      ]
    },
    {
      "mode": "managed",
      "type": "azurerm_lb_backend_address_pool_address",
      "name": "linux_vm_1",
      "provider": "provider[\"registry.terraform.io/hashicorp/azurerm\"]",
      "instances": [
        {
          "schema_version": 0,
          "attributes": {
            "backend_address_ip_configuration_id": "",
            "backend_address_pool_id": "/subscriptions/70fa5c59-1d9a-4a72-8196-8e6d5c776762/resourceGroups/linux-grp/providers/Microsoft.Network/loadBalancers/load-balancer/backendAddressPools/PoolA",
            "id": "/subscriptions/70fa5c59-1d9a-4a72-8196-8e6d5c776762/resourceGroups/linux-grp/providers/Microsoft.Network/loadBalancers/load-balancer/backendAddressPools/PoolA/addresses/linux-vm-1",
            "inbound_nat_rule_port_mapping": [],
            "ip_address": "10.0.1.4",
            "name": "linux-vm-1",
            "timeouts": null,
            "virtual_network_id": "/subscriptions/70fa5c59-1d9a-4a72-8196-8e6d5c776762/resourceGroups/linux-grp/providers/Microsoft.Network/virtualNetworks/linux-vnet"
          },
          "sensitive_attributes": [],
          "private": "eyJlMmJmYjczMC1lY2FhLTExZTYtOGY4OC0zNDM2M2JjN2M0YzAiOnsiY3JlYXRlIjoxODAwMDAwMDAwMDAwLCJkZWxldGUiOjE4MDAwMDAwMDAwMDAsInJlYWQiOjMwMDAwMDAwMDAwMCwidXBkYXRlIjoxODAwMDAwMDAwMDAwfX0=",
          "dependencies": [
            "azurerm_lb.load_balancer",
            "azurerm_lb_backend_address_pool.PoolA",
            "azurerm_network_interface.linux_interface1",
            "azurerm_public_ip.load_pub_id",
            "azurerm_public_ip.public_ip1",
            "azurerm_resource_group.linux-grp",
            "azurerm_subnet.subnetB",
            "azurerm_virtual_network.linux_vnet"
          ]
        }
      ]
    },
    {
      "mode": "managed",
      "type": "azurerm_lb_backend_address_pool_address",
      "name": "linux_vm_2",
      "provider": "provider[\"registry.terraform.io/hashicorp/azurerm\"]",
      "instances": [
        {
          "schema_version": 0,
          "attributes": {
            "backend_address_ip_configuration_id": "",
            "backend_address_pool_id": "/subscriptions/70fa5c59-1d9a-4a72-8196-8e6d5c776762/resourceGroups/linux-grp/providers/Microsoft.Network/loadBalancers/load-balancer/backendAddressPools/PoolA",
            "id": "/subscriptions/70fa5c59-1d9a-4a72-8196-8e6d5c776762/resourceGroups/linux-grp/providers/Microsoft.Network/loadBalancers/load-balancer/backendAddressPools/PoolA/addresses/linux-vm-2",
            "inbound_nat_rule_port_mapping": [],
            "ip_address": "10.0.1.5",
            "name": "linux-vm-2",
            "timeouts": null,
            "virtual_network_id": "/subscriptions/70fa5c59-1d9a-4a72-8196-8e6d5c776762/resourceGroups/linux-grp/providers/Microsoft.Network/virtualNetworks/linux-vnet"
          },
          "sensitive_attributes": [],
          "private": "eyJlMmJmYjczMC1lY2FhLTExZTYtOGY4OC0zNDM2M2JjN2M0YzAiOnsiY3JlYXRlIjoxODAwMDAwMDAwMDAwLCJkZWxldGUiOjE4MDAwMDAwMDAwMDAsInJlYWQiOjMwMDAwMDAwMDAwMCwidXBkYXRlIjoxODAwMDAwMDAwMDAwfX0=",
          "dependencies": [
            "azurerm_lb.load_balancer",
            "azurerm_lb_backend_address_pool.PoolA",
            "azurerm_network_interface.linux_interface2",
            "azurerm_public_ip.load_pub_id",
            "azurerm_public_ip.public_ip2",
            "azurerm_resource_group.linux-grp",
            "azurerm_subnet.subnetB",
            "azurerm_virtual_network.linux_vnet"
          ]
        }
      ]
    },
    {
      "mode": "managed",
      "type": "azurerm_lb_probe",
      "name": "health_probeA",
      "provider": "provider[\"registry.terraform.io/hashicorp/azurerm\"]",
      "instances": [
        {
          "schema_version": 0,
          "attributes": {
            "id": "/subscriptions/70fa5c59-1d9a-4a72-8196-8e6d5c776762/resourceGroups/linux-grp/providers/Microsoft.Network/loadBalancers/load-balancer/probes/health-probeA",
            "interval_in_seconds": 15,
            "load_balancer_rules": [
              "/subscriptions/70fa5c59-1d9a-4a72-8196-8e6d5c776762/resourceGroups/linux-grp/providers/Microsoft.Network/loadBalancers/load-balancer/loadBalancingRules/RuleA"
            ],
            "loadbalancer_id": "/subscriptions/70fa5c59-1d9a-4a72-8196-8e6d5c776762/resourceGroups/linux-grp/providers/Microsoft.Network/loadBalancers/load-balancer",
            "name": "health-probeA",
            "number_of_probes": 2,
            "port": 80,
            "probe_threshold": 1,
            "protocol": "Tcp",
            "request_path": "",
            "timeouts": null
          },
          "sensitive_attributes": [],
          "private": "eyJlMmJmYjczMC1lY2FhLTExZTYtOGY4OC0zNDM2M2JjN2M0YzAiOnsiY3JlYXRlIjoxODAwMDAwMDAwMDAwLCJkZWxldGUiOjE4MDAwMDAwMDAwMDAsInJlYWQiOjMwMDAwMDAwMDAwMCwidXBkYXRlIjoxODAwMDAwMDAwMDAwfX0=",
          "dependencies": [
            "azurerm_lb.load_balancer",
            "azurerm_public_ip.load_pub_id"
          ]
        }
      ]
    },
    {
      "mode": "managed",
      "type": "azurerm_lb_rule",
      "name": "RuleA",
      "provider": "provider[\"registry.terraform.io/hashicorp/azurerm\"]",
      "instances": [
        {
          "schema_version": 0,
          "attributes": {
            "backend_address_pool_ids": [
              "/subscriptions/70fa5c59-1d9a-4a72-8196-8e6d5c776762/resourceGroups/linux-grp/providers/Microsoft.Network/loadBalancers/load-balancer/backendAddressPools/PoolA"
            ],
            "backend_port": 80,
            "disable_outbound_snat": false,
            "enable_floating_ip": false,
            "enable_tcp_reset": false,
            "frontend_ip_configuration_id": "/subscriptions/70fa5c59-1d9a-4a72-8196-8e6d5c776762/resourceGroups/linux-grp/providers/Microsoft.Network/loadBalancers/load-balancer/frontendIPConfigurations/frontend-ip",
            "frontend_ip_configuration_name": "frontend-ip",
            "frontend_port": 80,
            "id": "/subscriptions/70fa5c59-1d9a-4a72-8196-8e6d5c776762/resourceGroups/linux-grp/providers/Microsoft.Network/loadBalancers/load-balancer/loadBalancingRules/RuleA",
            "idle_timeout_in_minutes": 4,
            "load_distribution": "Default",
            "loadbalancer_id": "/subscriptions/70fa5c59-1d9a-4a72-8196-8e6d5c776762/resourceGroups/linux-grp/providers/Microsoft.Network/loadBalancers/load-balancer",
            "name": "RuleA",
            "probe_id": "/subscriptions/70fa5c59-1d9a-4a72-8196-8e6d5c776762/resourceGroups/linux-grp/providers/Microsoft.Network/loadBalancers/load-balancer/probes/health-probeA",
            "protocol": "Tcp",
            "timeouts": null
          },
          "sensitive_attributes": [],
          "private": "eyJlMmJmYjczMC1lY2FhLTExZTYtOGY4OC0zNDM2M2JjN2M0YzAiOnsiY3JlYXRlIjoxODAwMDAwMDAwMDAwLCJkZWxldGUiOjE4MDAwMDAwMDAwMDAsInJlYWQiOjMwMDAwMDAwMDAwMCwidXBkYXRlIjoxODAwMDAwMDAwMDAwfX0=",
          "dependencies": [
            "azurerm_lb.load_balancer",
            "azurerm_lb_backend_address_pool.PoolA",
            "azurerm_lb_probe.health_probeA",
            "azurerm_public_ip.load_pub_id"
          ]
        }
      ]
    },
    {
      "mode": "managed",
      "type": "azurerm_linux_virtual_machine",
      "name": "app_linux_vm1",
      "provider": "provider[\"registry.terraform.io/hashicorp/azurerm\"]",
      "instances": [
        {
          "schema_version": 0,
          "attributes": {
            "additional_capabilities": [],
            "admin_password": "Vallabh@184255",
            "admin_ssh_key": [],
            "admin_username": "sriva",
            "allow_extension_operations": true,
            "availability_set_id": "",
            "boot_diagnostics": [],
            "bypass_platform_safety_checks_on_user_schedule_enabled": false,
            "capacity_reservation_group_id": "",
            "computer_name": "app-linux-vm1",
            "custom_data": null,
            "dedicated_host_group_id": "",
            "dedicated_host_id": "",
            "disable_password_authentication": false,
            "disk_controller_type": "",
            "edge_zone": "",
            "encryption_at_host_enabled": false,
            "eviction_policy": "",
            "extensions_time_budget": "PT1H30M",
            "gallery_application": [],
            "id": "/subscriptions/70fa5c59-1d9a-4a72-8196-8e6d5c776762/resourceGroups/linux-grp/providers/Microsoft.Compute/virtualMachines/app-linux-vm1",
            "identity": [],
            "license_type": "",
            "location": "southindia",
            "max_bid_price": -1,
            "name": "app-linux-vm1",
            "network_interface_ids": [
              "/subscriptions/70fa5c59-1d9a-4a72-8196-8e6d5c776762/resourceGroups/linux-grp/providers/Microsoft.Network/networkInterfaces/linux-net-interface1"
            ],
            "os_disk": [
              {
                "caching": "ReadWrite",
                "diff_disk_settings": [],
                "disk_encryption_set_id": "",
                "disk_size_gb": 30,
                "name": "app-linux-vm1_OsDisk_1_f043c8326bc64287aaa0456faa368f50",
                "secure_vm_disk_encryption_set_id": "",
                "security_encryption_type": "",
                "storage_account_type": "Standard_LRS",
                "write_accelerator_enabled": false
              }
            ],
            "os_image_notification": [],
            "patch_assessment_mode": "ImageDefault",
            "patch_mode": "ImageDefault",
            "plan": [],
            "platform_fault_domain": -1,
            "priority": "Regular",
            "private_ip_address": "10.0.1.4",
            "private_ip_addresses": [
              "10.0.1.4"
            ],
            "provision_vm_agent": true,
            "proximity_placement_group_id": "",
            "public_ip_address": "",
            "public_ip_addresses": [],
            "reboot_setting": "",
            "resource_group_name": "linux-grp",
            "secret": [],
            "secure_boot_enabled": false,
            "size": "Standard_D2s_v3",
            "source_image_id": "",
            "source_image_reference": [
              {
                "offer": "0001-com-ubuntu-server-jammy",
                "publisher": "Canonical",
                "sku": "22_04-lts",
                "version": "latest"
              }
            ],
            "tags": {},
            "termination_notification": [],
            "timeouts": null,
            "user_data": "",
            "virtual_machine_id": "05faf945-495c-4556-8c4a-435750faae5a",
            "virtual_machine_scale_set_id": "",
            "vm_agent_platform_updates_enabled": false,
            "vtpm_enabled": false,
            "zone": ""
          },
          "sensitive_attributes": [
            [
              {
                "type": "get_attr",
                "value": "custom_data"
              }
            ],
            [
              {
                "type": "get_attr",
                "value": "admin_password"
              }
            ]
          ],
          "private": "eyJlMmJmYjczMC1lY2FhLTExZTYtOGY4OC0zNDM2M2JjN2M0YzAiOnsiY3JlYXRlIjoyNzAwMDAwMDAwMDAwLCJkZWxldGUiOjI3MDAwMDAwMDAwMDAsInJlYWQiOjMwMDAwMDAwMDAwMCwidXBkYXRlIjoyNzAwMDAwMDAwMDAwfX0=",
          "dependencies": [
            "azurerm_network_interface.linux_interface1",
            "azurerm_public_ip.public_ip1",
            "azurerm_resource_group.linux-grp",
            "azurerm_subnet.subnetB",
            "azurerm_virtual_network.linux_vnet"
          ]
        }
      ]
    },
    {
      "mode": "managed",
      "type": "azurerm_linux_virtual_machine",
      "name": "app_linux_vm2",
      "provider": "provider[\"registry.terraform.io/hashicorp/azurerm\"]",
      "instances": [
        {
          "schema_version": 0,
          "attributes": {
            "additional_capabilities": [],
            "admin_password": "Vallabh@184255",
            "admin_ssh_key": [],
            "admin_username": "sriva",
            "allow_extension_operations": true,
            "availability_set_id": "",
            "boot_diagnostics": [],
            "bypass_platform_safety_checks_on_user_schedule_enabled": false,
            "capacity_reservation_group_id": "",
            "computer_name": "app-linux-vm2",
            "custom_data": null,
            "dedicated_host_group_id": "",
            "dedicated_host_id": "",
            "disable_password_authentication": false,
            "disk_controller_type": "",
            "edge_zone": "",
            "encryption_at_host_enabled": false,
            "eviction_policy": "",
            "extensions_time_budget": "PT1H30M",
            "gallery_application": [],
            "id": "/subscriptions/70fa5c59-1d9a-4a72-8196-8e6d5c776762/resourceGroups/linux-grp/providers/Microsoft.Compute/virtualMachines/app-linux-vm2",
            "identity": [],
            "license_type": "",
            "location": "southindia",
            "max_bid_price": -1,
            "name": "app-linux-vm2",
            "network_interface_ids": [
              "/subscriptions/70fa5c59-1d9a-4a72-8196-8e6d5c776762/resourceGroups/linux-grp/providers/Microsoft.Network/networkInterfaces/linux-net-interface2"
            ],
            "os_disk": [
              {
                "caching": "ReadWrite",
                "diff_disk_settings": [],
                "disk_encryption_set_id": "",
                "disk_size_gb": 30,
                "name": "app-linux-vm2_OsDisk_1_ffa15a234bf042a18437ea3338c73bf2",
                "secure_vm_disk_encryption_set_id": "",
                "security_encryption_type": "",
                "storage_account_type": "Standard_LRS",
                "write_accelerator_enabled": false
              }
            ],
            "os_image_notification": [],
            "patch_assessment_mode": "ImageDefault",
            "patch_mode": "ImageDefault",
            "plan": [],
            "platform_fault_domain": -1,
            "priority": "Regular",
            "private_ip_address": "10.0.1.5",
            "private_ip_addresses": [
              "10.0.1.5"
            ],
            "provision_vm_agent": true,
            "proximity_placement_group_id": "",
            "public_ip_address": "",
            "public_ip_addresses": [],
            "reboot_setting": "",
            "resource_group_name": "linux-grp",
            "secret": [],
            "secure_boot_enabled": false,
            "size": "Standard_D2s_v3",
            "source_image_id": "",
            "source_image_reference": [
              {
                "offer": "0001-com-ubuntu-server-jammy",
                "publisher": "Canonical",
                "sku": "22_04-lts",
                "version": "latest"
              }
            ],
            "tags": {},
            "termination_notification": [],
            "timeouts": null,
            "user_data": "",
            "virtual_machine_id": "18aaf68d-10e1-4c10-9289-9407f78b1807",
            "virtual_machine_scale_set_id": "",
            "vm_agent_platform_updates_enabled": false,
            "vtpm_enabled": false,
            "zone": ""
          },
          "sensitive_attributes": [
            [
              {
                "type": "get_attr",
                "value": "admin_password"
              }
            ],
            [
              {
                "type": "get_attr",
                "value": "custom_data"
              }
            ]
          ],
          "private": "eyJlMmJmYjczMC1lY2FhLTExZTYtOGY4OC0zNDM2M2JjN2M0YzAiOnsiY3JlYXRlIjoyNzAwMDAwMDAwMDAwLCJkZWxldGUiOjI3MDAwMDAwMDAwMDAsInJlYWQiOjMwMDAwMDAwMDAwMCwidXBkYXRlIjoyNzAwMDAwMDAwMDAwfX0=",
          "dependencies": [
            "azurerm_network_interface.linux_interface2",
            "azurerm_public_ip.public_ip2",
            "azurerm_resource_group.linux-grp",
            "azurerm_subnet.subnetB",
            "azurerm_virtual_network.linux_vnet"
          ]
        }
      ]
    },
    {
      "mode": "managed",
      "type": "azurerm_network_interface",
      "name": "linux_interface1",
      "provider": "provider[\"registry.terraform.io/hashicorp/azurerm\"]",
      "instances": [
        {
          "schema_version": 0,
          "attributes": {
            "applied_dns_servers": [],
            "auxiliary_mode": "",
            "auxiliary_sku": "",
            "dns_servers": [],
            "edge_zone": "",
            "enable_accelerated_networking": false,
            "enable_ip_forwarding": false,
            "id": "/subscriptions/70fa5c59-1d9a-4a72-8196-8e6d5c776762/resourceGroups/linux-grp/providers/Microsoft.Network/networkInterfaces/linux-net-interface1",
            "internal_dns_name_label": "",
            "internal_domain_name_suffix": "jnl32b5mhzguznnajajapxngyb.tx.internal.cloudapp.net",
            "ip_configuration": [
              {
                "gateway_load_balancer_frontend_ip_configuration_id": "",
                "name": "internal",
                "primary": true,
                "private_ip_address": "10.0.1.4",
                "private_ip_address_allocation": "Dynamic",
                "private_ip_address_version": "IPv4",
                "public_ip_address_id": "/subscriptions/70fa5c59-1d9a-4a72-8196-8e6d5c776762/resourceGroups/linux-grp/providers/Microsoft.Network/publicIPAddresses/pub-ip1",
                "subnet_id": "/subscriptions/70fa5c59-1d9a-4a72-8196-8e6d5c776762/resourceGroups/linux-grp/providers/Microsoft.Network/virtualNetworks/linux-vnet/subnets/SubnetB"
              }
            ],
            "location": "southindia",
            "mac_address": "00-0D-3A-F2-ED-9F",
            "name": "linux-net-interface1",
            "private_ip_address": "10.0.1.4",
            "private_ip_addresses": [
              "10.0.1.4"
            ],
            "resource_group_name": "linux-grp",
            "tags": {},
            "timeouts": null,
            "virtual_machine_id": "/subscriptions/70fa5c59-1d9a-4a72-8196-8e6d5c776762/resourceGroups/linux-grp/providers/Microsoft.Compute/virtualMachines/app-linux-vm1"
          },
          "sensitive_attributes": [],
          "private": "eyJlMmJmYjczMC1lY2FhLTExZTYtOGY4OC0zNDM2M2JjN2M0YzAiOnsiY3JlYXRlIjoxODAwMDAwMDAwMDAwLCJkZWxldGUiOjE4MDAwMDAwMDAwMDAsInJlYWQiOjMwMDAwMDAwMDAwMCwidXBkYXRlIjoxODAwMDAwMDAwMDAwfX0=",
          "dependencies": [
            "azurerm_public_ip.public_ip1",
            "azurerm_resource_group.linux-grp",
            "azurerm_subnet.subnetB",
            "azurerm_virtual_network.linux_vnet"
          ]
        }
      ]
    },
    {
      "mode": "managed",
      "type": "azurerm_network_interface",
      "name": "linux_interface2",
      "provider": "provider[\"registry.terraform.io/hashicorp/azurerm\"]",
      "instances": [
        {
          "schema_version": 0,
          "attributes": {
            "applied_dns_servers": [],
            "auxiliary_mode": "",
            "auxiliary_sku": "",
            "dns_servers": [],
            "edge_zone": "",
            "enable_accelerated_networking": false,
            "enable_ip_forwarding": false,
            "id": "/subscriptions/70fa5c59-1d9a-4a72-8196-8e6d5c776762/resourceGroups/linux-grp/providers/Microsoft.Network/networkInterfaces/linux-net-interface2",
            "internal_dns_name_label": "",
            "internal_domain_name_suffix": "jnl32b5mhzguznnajajapxngyb.tx.internal.cloudapp.net",
            "ip_configuration": [
              {
                "gateway_load_balancer_frontend_ip_configuration_id": "",
                "name": "internal",
                "primary": true,
                "private_ip_address": "10.0.1.5",
                "private_ip_address_allocation": "Dynamic",
                "private_ip_address_version": "IPv4",
                "public_ip_address_id": "/subscriptions/70fa5c59-1d9a-4a72-8196-8e6d5c776762/resourceGroups/linux-grp/providers/Microsoft.Network/publicIPAddresses/pub-ip2",
                "subnet_id": "/subscriptions/70fa5c59-1d9a-4a72-8196-8e6d5c776762/resourceGroups/linux-grp/providers/Microsoft.Network/virtualNetworks/linux-vnet/subnets/SubnetB"
              }
            ],
            "location": "southindia",
            "mac_address": "00-0D-3A-F2-DA-5C",
            "name": "linux-net-interface2",
            "private_ip_address": "10.0.1.5",
            "private_ip_addresses": [
              "10.0.1.5"
            ],
            "resource_group_name": "linux-grp",
            "tags": {},
            "timeouts": null,
            "virtual_machine_id": "/subscriptions/70fa5c59-1d9a-4a72-8196-8e6d5c776762/resourceGroups/linux-grp/providers/Microsoft.Compute/virtualMachines/app-linux-vm2"
          },
          "sensitive_attributes": [],
          "private": "eyJlMmJmYjczMC1lY2FhLTExZTYtOGY4OC0zNDM2M2JjN2M0YzAiOnsiY3JlYXRlIjoxODAwMDAwMDAwMDAwLCJkZWxldGUiOjE4MDAwMDAwMDAwMDAsInJlYWQiOjMwMDAwMDAwMDAwMCwidXBkYXRlIjoxODAwMDAwMDAwMDAwfX0=",
          "dependencies": [
            "azurerm_public_ip.public_ip2",
            "azurerm_resource_group.linux-grp",
            "azurerm_subnet.subnetB",
            "azurerm_virtual_network.linux_vnet"
          ]
        }
      ]
    },
    {
      "mode": "managed",
      "type": "azurerm_public_ip",
      "name": "load_pub_id",
      "provider": "provider[\"registry.terraform.io/hashicorp/azurerm\"]",
      "instances": [
        {
          "schema_version": 0,
          "attributes": {
            "allocation_method": "Static",
            "ddos_protection_mode": "VirtualNetworkInherited",
            "ddos_protection_plan_id": null,
            "domain_name_label": null,
            "edge_zone": "",
            "fqdn": null,
            "id": "/subscriptions/70fa5c59-1d9a-4a72-8196-8e6d5c776762/resourceGroups/linux-grp/providers/Microsoft.Network/publicIPAddresses/load-public-ip",
            "idle_timeout_in_minutes": 4,
            "ip_address": "4.247.24.85",
            "ip_tags": {},
            "ip_version": "IPv4",
            "location": "southindia",
            "name": "load-public-ip",
            "public_ip_prefix_id": null,
            "resource_group_name": "linux-grp",
            "reverse_fqdn": null,
            "sku": "Standard",
            "sku_tier": "Regional",
            "tags": {},
            "timeouts": null,
            "zones": []
          },
          "sensitive_attributes": [],
          "private": "eyJlMmJmYjczMC1lY2FhLTExZTYtOGY4OC0zNDM2M2JjN2M0YzAiOnsiY3JlYXRlIjoxODAwMDAwMDAwMDAwLCJkZWxldGUiOjE4MDAwMDAwMDAwMDAsInJlYWQiOjMwMDAwMDAwMDAwMCwidXBkYXRlIjoxODAwMDAwMDAwMDAwfX0="
        }
      ]
    },
    {
      "mode": "managed",
      "type": "azurerm_public_ip",
      "name": "public_ip1",
      "provider": "provider[\"registry.terraform.io/hashicorp/azurerm\"]",
      "instances": [
        {
          "schema_version": 0,
          "attributes": {
            "allocation_method": "Static",
            "ddos_protection_mode": "VirtualNetworkInherited",
            "ddos_protection_plan_id": null,
            "domain_name_label": null,
            "edge_zone": "",
            "fqdn": null,
            "id": "/subscriptions/70fa5c59-1d9a-4a72-8196-8e6d5c776762/resourceGroups/linux-grp/providers/Microsoft.Network/publicIPAddresses/pub-ip1",
            "idle_timeout_in_minutes": 4,
            "ip_address": "20.235.143.168",
            "ip_tags": null,
            "ip_version": "IPv4",
            "location": "southindia",
            "name": "pub-ip1",
            "public_ip_prefix_id": null,
            "resource_group_name": "linux-grp",
            "reverse_fqdn": null,
            "sku": "Basic",
            "sku_tier": "Regional",
            "tags": null,
            "timeouts": null,
            "zones": null
          },
          "sensitive_attributes": [],
          "private": "eyJlMmJmYjczMC1lY2FhLTExZTYtOGY4OC0zNDM2M2JjN2M0YzAiOnsiY3JlYXRlIjoxODAwMDAwMDAwMDAwLCJkZWxldGUiOjE4MDAwMDAwMDAwMDAsInJlYWQiOjMwMDAwMDAwMDAwMCwidXBkYXRlIjoxODAwMDAwMDAwMDAwfX0="
        }
      ]
    },
    {
      "mode": "managed",
      "type": "azurerm_public_ip",
      "name": "public_ip2",
      "provider": "provider[\"registry.terraform.io/hashicorp/azurerm\"]",
      "instances": [
        {
          "schema_version": 0,
          "attributes": {
            "allocation_method": "Static",
            "ddos_protection_mode": "VirtualNetworkInherited",
            "ddos_protection_plan_id": null,
            "domain_name_label": null,
            "edge_zone": "",
            "fqdn": null,
            "id": "/subscriptions/70fa5c59-1d9a-4a72-8196-8e6d5c776762/resourceGroups/linux-grp/providers/Microsoft.Network/publicIPAddresses/pub-ip2",
            "idle_timeout_in_minutes": 4,
            "ip_address": "20.235.143.196",
            "ip_tags": null,
            "ip_version": "IPv4",
            "location": "southindia",
            "name": "pub-ip2",
            "public_ip_prefix_id": null,
            "resource_group_name": "linux-grp",
            "reverse_fqdn": null,
            "sku": "Basic",
            "sku_tier": "Regional",
            "tags": null,
            "timeouts": null,
            "zones": null
          },
          "sensitive_attributes": [],
          "private": "eyJlMmJmYjczMC1lY2FhLTExZTYtOGY4OC0zNDM2M2JjN2M0YzAiOnsiY3JlYXRlIjoxODAwMDAwMDAwMDAwLCJkZWxldGUiOjE4MDAwMDAwMDAwMDAsInJlYWQiOjMwMDAwMDAwMDAwMCwidXBkYXRlIjoxODAwMDAwMDAwMDAwfX0="
        }
      ]
    },
    {
      "mode": "managed",
      "type": "azurerm_resource_group",
      "name": "linux-grp",
      "provider": "provider[\"registry.terraform.io/hashicorp/azurerm\"]",
      "instances": [
        {
          "schema_version": 0,
          "attributes": {
            "id": "/subscriptions/70fa5c59-1d9a-4a72-8196-8e6d5c776762/resourceGroups/linux-grp",
            "location": "southindia",
            "managed_by": "",
            "name": "linux-grp",
            "tags": {},
            "timeouts": null
          },
          "sensitive_attributes": [],
          "private": "eyJlMmJmYjczMC1lY2FhLTExZTYtOGY4OC0zNDM2M2JjN2M0YzAiOnsiY3JlYXRlIjo1NDAwMDAwMDAwMDAwLCJkZWxldGUiOjU0MDAwMDAwMDAwMDAsInJlYWQiOjMwMDAwMDAwMDAwMCwidXBkYXRlIjo1NDAwMDAwMDAwMDAwfX0="
        }
      ]
    },
    {
      "mode": "managed",
      "type": "azurerm_subnet",
      "name": "subnetB",
      "provider": "provider[\"registry.terraform.io/hashicorp/azurerm\"]",
      "instances": [
        {
          "schema_version": 0,
          "attributes": {
            "address_prefixes": [
              "10.0.1.0/24"
            ],
            "delegation": [],
            "enforce_private_link_endpoint_network_policies": false,
            "enforce_private_link_service_network_policies": false,
            "id": "/subscriptions/70fa5c59-1d9a-4a72-8196-8e6d5c776762/resourceGroups/linux-grp/providers/Microsoft.Network/virtualNetworks/linux-vnet/subnets/SubnetB",
            "name": "SubnetB",
            "private_endpoint_network_policies_enabled": true,
            "private_link_service_network_policies_enabled": true,
            "resource_group_name": "linux-grp",
            "service_endpoint_policy_ids": [],
            "service_endpoints": [],
            "timeouts": null,
            "virtual_network_name": "linux-vnet"
          },
          "sensitive_attributes": [],
          "private": "eyJlMmJmYjczMC1lY2FhLTExZTYtOGY4OC0zNDM2M2JjN2M0YzAiOnsiY3JlYXRlIjoxODAwMDAwMDAwMDAwLCJkZWxldGUiOjE4MDAwMDAwMDAwMDAsInJlYWQiOjMwMDAwMDAwMDAwMCwidXBkYXRlIjoxODAwMDAwMDAwMDAwfX0=",
          "dependencies": [
            "azurerm_resource_group.linux-grp",
            "azurerm_virtual_network.linux_vnet"
          ]
        }
      ]
    },
    {
      "mode": "managed",
      "type": "azurerm_virtual_network",
      "name": "linux_vnet",
      "provider": "provider[\"registry.terraform.io/hashicorp/azurerm\"]",
      "instances": [
        {
          "schema_version": 0,
          "attributes": {
            "address_space": [
              "10.0.0.0/16"
            ],
            "bgp_community": "",
            "ddos_protection_plan": [],
            "dns_servers": [],
            "edge_zone": "",
            "encryption": [],
            "flow_timeout_in_minutes": 0,
            "guid": "07de574b-3eec-4c4d-b5a0-481207dda6c1",
            "id": "/subscriptions/70fa5c59-1d9a-4a72-8196-8e6d5c776762/resourceGroups/linux-grp/providers/Microsoft.Network/virtualNetworks/linux-vnet",
            "location": "southindia",
            "name": "linux-vnet",
            "resource_group_name": "linux-grp",
            "subnet": [
              {
                "address_prefix": "10.0.1.0/24",
                "id": "/subscriptions/70fa5c59-1d9a-4a72-8196-8e6d5c776762/resourceGroups/linux-grp/providers/Microsoft.Network/virtualNetworks/linux-vnet/subnets/SubnetB",
                "name": "SubnetB",
                "security_group": ""
              }
            ],
            "tags": {},
            "timeouts": null
          },
          "sensitive_attributes": [],
          "private": "eyJlMmJmYjczMC1lY2FhLTExZTYtOGY4OC0zNDM2M2JjN2M0YzAiOnsiY3JlYXRlIjoxODAwMDAwMDAwMDAwLCJkZWxldGUiOjE4MDAwMDAwMDAwMDAsInJlYWQiOjMwMDAwMDAwMDAwMCwidXBkYXRlIjoxODAwMDAwMDAwMDAwfX0=",
          "dependencies": [
            "azurerm_resource_group.linux-grp"
          ]
        }
      ]
    }
  ],
  "check_results": null
}
